
Microsoft Visual Studio Solution File, Format Version 12.00
# Visual Studio Version 16
VisualStudioVersion = 16.0.29503.13
MinimumVisualStudioVersion = 10.0.40219.1
Project("{FAE04EC0-301F-11D3-BF4B-00C04F79EFBC}") = "Task_0", "AkimovMihailTasks\Task_0.csproj", "{AEBD68DA-5CF0-4673-A8D8-F9197C6AC929}"
EndProject
Project("{FAE04EC0-301F-11D3-BF4B-00C04F79EFBC}") = "Task_1", "Task_1\Task_1.csproj", "{E09D18F6-61DC-40CA-8DAB-C0A485B1F6C8}"
EndProject
Project("{FAE04EC0-301F-11D3-BF4B-00C04F79EFBC}") = "Task_2", "Task_2\Task_2.csproj", "{04FE035D-76E1-4F80-B646-CAE0D34F3013}"
EndProject
Global
	GlobalSection(SolutionConfigurationPlatforms) = preSolution
		Debug|Any CPU = Debug|Any CPU
		Release|Any CPU = Release|Any CPU
	EndGlobalSection
	GlobalSection(ProjectConfigurationPlatforms) = postSolution
		{AEBD68DA-5CF0-4673-A8D8-F9197C6AC929}.Debug|Any CPU.ActiveCfg = Debug|Any CPU
		{AEBD68DA-5CF0-4673-A8D8-F9197C6AC929}.Debug|Any CPU.Build.0 = Debug|Any CPU
		{AEBD68DA-5CF0-4673-A8D8-F9197C6AC929}.Release|Any CPU.ActiveCfg = Release|Any CPU
		{AEBD68DA-5CF0-4673-A8D8-F9197C6AC929}.Release|Any CPU.Build.0 = Release|Any CPU
		{E09D18F6-61DC-40CA-8DAB-C0A485B1F6C8}.Debug|Any CPU.ActiveCfg = Debug|Any CPU
		{E09D18F6-61DC-40CA-8DAB-C0A485B1F6C8}.Debug|Any CPU.Build.0 = Debug|Any CPU
		{E09D18F6-61DC-40CA-8DAB-C0A485B1F6C8}.Release|Any CPU.ActiveCfg = Release|Any CPU
		{E09D18F6-61DC-40CA-8DAB-C0A485B1F6C8}.Release|Any CPU.Build.0 = Release|Any CPU
		{04FE035D-76E1-4F80-B646-CAE0D34F3013}.Debug|Any CPU.ActiveCfg = Debug|Any CPU
		{04FE035D-76E1-4F80-B646-CAE0D34F3013}.Debug|Any CPU.Build.0 = Debug|Any CPU
		{04FE035D-76E1-4F80-B646-CAE0D34F3013}.Release|Any CPU.ActiveCfg = Release|Any CPU
		{04FE035D-76E1-4F80-B646-CAE0D34F3013}.Release|Any CPU.Build.0 = Release|Any CPU
	EndGlobalSection
	GlobalSection(SolutionProperties) = preSolution
		HideSolutionNode = FALSE
	EndGlobalSection
	GlobalSection(ExtensibilityGlobals) = postSolution
		SolutionGuid = {5ED2ED63-4EE3-4FD0-8A8C-57D5DCE169AD}
	EndGlobalSection
EndGlobal
