
Microsoft Visual Studio Solution File, Format Version 12.00
# Visual Studio Version 16
VisualStudioVersion = 16.0.29503.13
MinimumVisualStudioVersion = 10.0.40219.1
Project("{FAE04EC0-301F-11D3-BF4B-00C04F79EFBC}") = "Task_0", "AkimovMihailTasks\Task_0.csproj", "{AEBD68DA-5CF0-4673-A8D8-F9197C6AC929}"
EndProject
Project("{FAE04EC0-301F-11D3-BF4B-00C04F79EFBC}") = "Task_1", "Task_1\Task_1.csproj", "{E09D18F6-61DC-40CA-8DAB-C0A485B1F6C8}"
EndProject
Project("{FAE04EC0-301F-11D3-BF4B-00C04F79EFBC}") = "Task_2", "Task_2\Task_2.csproj", "{04FE035D-76E1-4F80-B646-CAE0D34F3013}"
EndProject
Project("{FAE04EC0-301F-11D3-BF4B-00C04F79EFBC}") = "Task_3", "Task_3\Task_3.csproj", "{E8847DC9-3EC3-4292-84F9-7D1C18F39CD8}"
EndProject
Project("{FAE04EC0-301F-11D3-BF4B-00C04F79EFBC}") = "Task_4", "Task_4\Task_4.csproj", "{F0FE9C82-7032-48BC-ADE4-7A80EED1A1EA}"
EndProject
Project("{FAE04EC0-301F-11D3-BF4B-00C04F79EFBC}") = "Task_5", "Task_5\Task_5.csproj", "{198A863E-D9E3-46A8-8330-C438173703D1}"
EndProject
Project("{2150E333-8FDC-42A3-9474-1A3956D46DE8}") = "Task_6", "Task_6", "{09858614-6A0F-4188-A8FF-7A424FB56D5E}"
EndProject
Project("{FAE04EC0-301F-11D3-BF4B-00C04F79EFBC}") = "EPAM.ListUsers.BLL", "EPAM.ListUsers.BLL\EPAM.ListUsers.BLL.csproj", "{AE33C198-640D-4AC9-B7D8-0701986169C4}"
EndProject
Project("{FAE04EC0-301F-11D3-BF4B-00C04F79EFBC}") = "EPAM.ListUsers.DAL", "EPAM.ListUsers.DAL\EPAM.ListUsers.DAL.csproj", "{DCC9C09C-C31B-44C6-9A24-8C93F08F5FF4}"
EndProject
Project("{FAE04EC0-301F-11D3-BF4B-00C04F79EFBC}") = "EPAM.ListUsers.ConsolePL", "EPAM.ListUsers.ConsolePL\EPAM.ListUsers.ConsolePL.csproj", "{891D6574-66E4-4D39-85AE-125C0585B38B}"
EndProject
Project("{FAE04EC0-301F-11D3-BF4B-00C04F79EFBC}") = "EPAM.ListUsers.Entities", "EPAM.ListUsers.Entities\EPAM.ListUsers.Entities.csproj", "{16704F05-A8C6-4D1F-8614-501E1D998ECC}"
EndProject
Project("{2150E333-8FDC-42A3-9474-1A3956D46DE8}") = "BLL", "BLL", "{B05BD8B5-9112-43AA-978F-D441530064D4}"
EndProject
Project("{2150E333-8FDC-42A3-9474-1A3956D46DE8}") = "Common", "Common", "{6C11B008-8A01-4555-B72C-0AE4719FE61A}"
EndProject
Project("{2150E333-8FDC-42A3-9474-1A3956D46DE8}") = "DAL", "DAL", "{F7EA41A3-D254-4730-9A79-8DF0AA15E27C}"
EndProject
Project("{2150E333-8FDC-42A3-9474-1A3956D46DE8}") = "PL", "PL", "{B593B5F5-EBFA-4EFD-B28E-C291EA64CAFB}"
EndProject
Project("{FAE04EC0-301F-11D3-BF4B-00C04F79EFBC}") = "EPAM.ListUser.Ioc", "EPAM.ListUser.Ioc\EPAM.ListUser.Ioc.csproj", "{DC839C0A-EBEC-469B-B7D5-10842508D113}"
EndProject
Project("{FAE04EC0-301F-11D3-BF4B-00C04F79EFBC}") = "EPAM.ListUser.DAL.Memory", "EPAM.ListUser.DAL.Memory\EPAM.ListUser.DAL.Memory.csproj", "{666F2009-830C-45F1-AB8F-EEBB0D6033E0}"
EndProject
Project("{2150E333-8FDC-42A3-9474-1A3956D46DE8}") = "Abstract", "Abstract", "{AC6B0DBF-1EDD-41E7-9CAE-507827C04289}"
EndProject
Project("{FAE04EC0-301F-11D3-BF4B-00C04F79EFBC}") = "EPAM.ListUser.Dao.Interfaces", "EPAM.ListUser.Dao.Interfaces\EPAM.ListUser.Dao.Interfaces.csproj", "{721F9A3C-8637-409C-A70E-48576F47E4A2}"
EndProject
Project("{2150E333-8FDC-42A3-9474-1A3956D46DE8}") = "Abstract", "Abstract", "{29A36CD8-B182-4FE1-AFF2-02198788C763}"
EndProject
Project("{FAE04EC0-301F-11D3-BF4B-00C04F79EFBC}") = "EPAM.ListUsers.BLL.Interfaces", "EPAM.ListUsers.BLL.Interfaces\EPAM.ListUsers.BLL.Interfaces.csproj", "{560A4EF6-39B0-4AD3-9BD0-B3DB8E3CB7CF}"
EndProject
Global
	GlobalSection(SolutionConfigurationPlatforms) = preSolution
		Debug|Any CPU = Debug|Any CPU
		Release|Any CPU = Release|Any CPU
	EndGlobalSection
	GlobalSection(ProjectConfigurationPlatforms) = postSolution
		{AEBD68DA-5CF0-4673-A8D8-F9197C6AC929}.Debug|Any CPU.ActiveCfg = Debug|Any CPU
		{AEBD68DA-5CF0-4673-A8D8-F9197C6AC929}.Debug|Any CPU.Build.0 = Debug|Any CPU
		{AEBD68DA-5CF0-4673-A8D8-F9197C6AC929}.Release|Any CPU.ActiveCfg = Release|Any CPU
		{AEBD68DA-5CF0-4673-A8D8-F9197C6AC929}.Release|Any CPU.Build.0 = Release|Any CPU
		{E09D18F6-61DC-40CA-8DAB-C0A485B1F6C8}.Debug|Any CPU.ActiveCfg = Debug|Any CPU
		{E09D18F6-61DC-40CA-8DAB-C0A485B1F6C8}.Debug|Any CPU.Build.0 = Debug|Any CPU
		{E09D18F6-61DC-40CA-8DAB-C0A485B1F6C8}.Release|Any CPU.ActiveCfg = Release|Any CPU
		{E09D18F6-61DC-40CA-8DAB-C0A485B1F6C8}.Release|Any CPU.Build.0 = Release|Any CPU
		{04FE035D-76E1-4F80-B646-CAE0D34F3013}.Debug|Any CPU.ActiveCfg = Debug|Any CPU
		{04FE035D-76E1-4F80-B646-CAE0D34F3013}.Debug|Any CPU.Build.0 = Debug|Any CPU
		{04FE035D-76E1-4F80-B646-CAE0D34F3013}.Release|Any CPU.ActiveCfg = Release|Any CPU
		{04FE035D-76E1-4F80-B646-CAE0D34F3013}.Release|Any CPU.Build.0 = Release|Any CPU
		{E8847DC9-3EC3-4292-84F9-7D1C18F39CD8}.Debug|Any CPU.ActiveCfg = Debug|Any CPU
		{E8847DC9-3EC3-4292-84F9-7D1C18F39CD8}.Debug|Any CPU.Build.0 = Debug|Any CPU
		{E8847DC9-3EC3-4292-84F9-7D1C18F39CD8}.Release|Any CPU.ActiveCfg = Release|Any CPU
		{E8847DC9-3EC3-4292-84F9-7D1C18F39CD8}.Release|Any CPU.Build.0 = Release|Any CPU
		{F0FE9C82-7032-48BC-ADE4-7A80EED1A1EA}.Debug|Any CPU.ActiveCfg = Debug|Any CPU
		{F0FE9C82-7032-48BC-ADE4-7A80EED1A1EA}.Debug|Any CPU.Build.0 = Debug|Any CPU
		{F0FE9C82-7032-48BC-ADE4-7A80EED1A1EA}.Release|Any CPU.ActiveCfg = Release|Any CPU
		{F0FE9C82-7032-48BC-ADE4-7A80EED1A1EA}.Release|Any CPU.Build.0 = Release|Any CPU
		{198A863E-D9E3-46A8-8330-C438173703D1}.Debug|Any CPU.ActiveCfg = Debug|Any CPU
		{198A863E-D9E3-46A8-8330-C438173703D1}.Debug|Any CPU.Build.0 = Debug|Any CPU
		{198A863E-D9E3-46A8-8330-C438173703D1}.Release|Any CPU.ActiveCfg = Release|Any CPU
		{198A863E-D9E3-46A8-8330-C438173703D1}.Release|Any CPU.Build.0 = Release|Any CPU
		{AE33C198-640D-4AC9-B7D8-0701986169C4}.Debug|Any CPU.ActiveCfg = Debug|Any CPU
		{AE33C198-640D-4AC9-B7D8-0701986169C4}.Debug|Any CPU.Build.0 = Debug|Any CPU
		{AE33C198-640D-4AC9-B7D8-0701986169C4}.Release|Any CPU.ActiveCfg = Release|Any CPU
		{AE33C198-640D-4AC9-B7D8-0701986169C4}.Release|Any CPU.Build.0 = Release|Any CPU
		{DCC9C09C-C31B-44C6-9A24-8C93F08F5FF4}.Debug|Any CPU.ActiveCfg = Debug|Any CPU
		{DCC9C09C-C31B-44C6-9A24-8C93F08F5FF4}.Debug|Any CPU.Build.0 = Debug|Any CPU
		{DCC9C09C-C31B-44C6-9A24-8C93F08F5FF4}.Release|Any CPU.ActiveCfg = Release|Any CPU
		{DCC9C09C-C31B-44C6-9A24-8C93F08F5FF4}.Release|Any CPU.Build.0 = Release|Any CPU
		{891D6574-66E4-4D39-85AE-125C0585B38B}.Debug|Any CPU.ActiveCfg = Debug|Any CPU
		{891D6574-66E4-4D39-85AE-125C0585B38B}.Debug|Any CPU.Build.0 = Debug|Any CPU
		{891D6574-66E4-4D39-85AE-125C0585B38B}.Release|Any CPU.ActiveCfg = Release|Any CPU
		{891D6574-66E4-4D39-85AE-125C0585B38B}.Release|Any CPU.Build.0 = Release|Any CPU
		{16704F05-A8C6-4D1F-8614-501E1D998ECC}.Debug|Any CPU.ActiveCfg = Debug|Any CPU
		{16704F05-A8C6-4D1F-8614-501E1D998ECC}.Debug|Any CPU.Build.0 = Debug|Any CPU
		{16704F05-A8C6-4D1F-8614-501E1D998ECC}.Release|Any CPU.ActiveCfg = Release|Any CPU
		{16704F05-A8C6-4D1F-8614-501E1D998ECC}.Release|Any CPU.Build.0 = Release|Any CPU
		{DC839C0A-EBEC-469B-B7D5-10842508D113}.Debug|Any CPU.ActiveCfg = Debug|Any CPU
		{DC839C0A-EBEC-469B-B7D5-10842508D113}.Debug|Any CPU.Build.0 = Debug|Any CPU
		{DC839C0A-EBEC-469B-B7D5-10842508D113}.Release|Any CPU.ActiveCfg = Release|Any CPU
		{DC839C0A-EBEC-469B-B7D5-10842508D113}.Release|Any CPU.Build.0 = Release|Any CPU
		{666F2009-830C-45F1-AB8F-EEBB0D6033E0}.Debug|Any CPU.ActiveCfg = Debug|Any CPU
		{666F2009-830C-45F1-AB8F-EEBB0D6033E0}.Debug|Any CPU.Build.0 = Debug|Any CPU
		{666F2009-830C-45F1-AB8F-EEBB0D6033E0}.Release|Any CPU.ActiveCfg = Release|Any CPU
		{666F2009-830C-45F1-AB8F-EEBB0D6033E0}.Release|Any CPU.Build.0 = Release|Any CPU
		{721F9A3C-8637-409C-A70E-48576F47E4A2}.Debug|Any CPU.ActiveCfg = Debug|Any CPU
		{721F9A3C-8637-409C-A70E-48576F47E4A2}.Debug|Any CPU.Build.0 = Debug|Any CPU
		{721F9A3C-8637-409C-A70E-48576F47E4A2}.Release|Any CPU.ActiveCfg = Release|Any CPU
		{721F9A3C-8637-409C-A70E-48576F47E4A2}.Release|Any CPU.Build.0 = Release|Any CPU
		{560A4EF6-39B0-4AD3-9BD0-B3DB8E3CB7CF}.Debug|Any CPU.ActiveCfg = Debug|Any CPU
		{560A4EF6-39B0-4AD3-9BD0-B3DB8E3CB7CF}.Debug|Any CPU.Build.0 = Debug|Any CPU
		{560A4EF6-39B0-4AD3-9BD0-B3DB8E3CB7CF}.Release|Any CPU.ActiveCfg = Release|Any CPU
		{560A4EF6-39B0-4AD3-9BD0-B3DB8E3CB7CF}.Release|Any CPU.Build.0 = Release|Any CPU
	EndGlobalSection
	GlobalSection(SolutionProperties) = preSolution
		HideSolutionNode = FALSE
	EndGlobalSection
	GlobalSection(NestedProjects) = preSolution
		{AE33C198-640D-4AC9-B7D8-0701986169C4} = {B05BD8B5-9112-43AA-978F-D441530064D4}
		{DCC9C09C-C31B-44C6-9A24-8C93F08F5FF4} = {F7EA41A3-D254-4730-9A79-8DF0AA15E27C}
		{891D6574-66E4-4D39-85AE-125C0585B38B} = {B593B5F5-EBFA-4EFD-B28E-C291EA64CAFB}
		{16704F05-A8C6-4D1F-8614-501E1D998ECC} = {6C11B008-8A01-4555-B72C-0AE4719FE61A}
		{B05BD8B5-9112-43AA-978F-D441530064D4} = {09858614-6A0F-4188-A8FF-7A424FB56D5E}
		{6C11B008-8A01-4555-B72C-0AE4719FE61A} = {09858614-6A0F-4188-A8FF-7A424FB56D5E}
		{F7EA41A3-D254-4730-9A79-8DF0AA15E27C} = {09858614-6A0F-4188-A8FF-7A424FB56D5E}
		{B593B5F5-EBFA-4EFD-B28E-C291EA64CAFB} = {09858614-6A0F-4188-A8FF-7A424FB56D5E}
		{DC839C0A-EBEC-469B-B7D5-10842508D113} = {09858614-6A0F-4188-A8FF-7A424FB56D5E}
		{666F2009-830C-45F1-AB8F-EEBB0D6033E0} = {F7EA41A3-D254-4730-9A79-8DF0AA15E27C}
		{AC6B0DBF-1EDD-41E7-9CAE-507827C04289} = {F7EA41A3-D254-4730-9A79-8DF0AA15E27C}
		{721F9A3C-8637-409C-A70E-48576F47E4A2} = {AC6B0DBF-1EDD-41E7-9CAE-507827C04289}
		{29A36CD8-B182-4FE1-AFF2-02198788C763} = {B05BD8B5-9112-43AA-978F-D441530064D4}
		{560A4EF6-39B0-4AD3-9BD0-B3DB8E3CB7CF} = {29A36CD8-B182-4FE1-AFF2-02198788C763}
	EndGlobalSection
	GlobalSection(ExtensibilityGlobals) = postSolution
		SolutionGuid = {5ED2ED63-4EE3-4FD0-8A8C-57D5DCE169AD}
	EndGlobalSection
EndGlobal
